// !$*UTF8*$!
{
	archiveVersion = 1;
	classes = {
	};
	objectVersion = 48;
	objects = {

/* Begin PBXBuildFile section */
		FADFDEC41FD93BCE00A1E723 /* AppDelegate.swift in Sources */ = {isa = PBXBuildFile; fileRef = FADFDEC31FD93BCE00A1E723 /* AppDelegate.swift */; };
		FADFDEC61FD93BCE00A1E723 /* ViewController.swift in Sources */ = {isa = PBXBuildFile; fileRef = FADFDEC51FD93BCE00A1E723 /* ViewController.swift */; };
		FADFDEC91FD93BCE00A1E723 /* Main.storyboard in Resources */ = {isa = PBXBuildFile; fileRef = FADFDEC71FD93BCE00A1E723 /* Main.storyboard */; };
		FADFDECB1FD93BCE00A1E723 /* Assets.xcassets in Resources */ = {isa = PBXBuildFile; fileRef = FADFDECA1FD93BCE00A1E723 /* Assets.xcassets */; };
		FADFDECE1FD93BCE00A1E723 /* LaunchScreen.storyboard in Resources */ = {isa = PBXBuildFile; fileRef = FADFDECC1FD93BCE00A1E723 /* LaunchScreen.storyboard */; };
/* End PBXBuildFile section */

/* Begin PBXFileReference section */
		FADFDEC01FD93BCE00A1E723 /* ExempleProject.app */ = {isa = PBXFileReference; explicitFileType = wrapper.application; includeInIndex = 0; path = ExempleProject.app; sourceTree = BUILT_PRODUCTS_DIR; };
		FADFDEC31FD93BCE00A1E723 /* AppDelegate.swift */ = {isa = PBXFileReference; lastKnownFileType = sourcecode.swift; path = AppDelegate.swift; sourceTree = "<group>"; };
		FADFDEC51FD93BCE00A1E723 /* ViewController.swift */ = {isa = PBXFileReference; lastKnownFileType = sourcecode.swift; path = ViewController.swift; sourceTree = "<group>"; };
		FADFDEC81FD93BCE00A1E723 /* Base */ = {isa = PBXFileReference; lastKnownFileType = file.storyboard; name = Base; path = Base.lproj/Main.storyboard; sourceTree = "<group>"; };
		FADFDECA1FD93BCE00A1E723 /* Assets.xcassets */ = {isa = PBXFileReference; lastKnownFileType = folder.assetcatalog; path = Assets.xcassets; sourceTree = "<group>"; };
		FADFDECD1FD93BCE00A1E723 /* Base */ = {isa = PBXFileReference; lastKnownFileType = file.storyboard; name = Base; path = Base.lproj/LaunchScreen.storyboard; sourceTree = "<group>"; };
		FADFDECF1FD93BCE00A1E723 /* Info.plist */ = {isa = PBXFileReference; lastKnownFileType = text.plist.xml; path = Info.plist; sourceTree = "<group>"; };
/* End PBXFileReference section */

/* Begin PBXFrameworksBuildPhase section */
		FADFDEBD1FD93BCE00A1E723 /* Frameworks */ = {
			isa = PBXFrameworksBuildPhase;
			buildActionMask = 2147483647;
			files = (
			);
			runOnlyForDeploymentPostprocessing = 0;
		};
/* End PBXFrameworksBuildPhase section */

/* Begin PBXGroup section */
		FADFDEB71FD93BCE00A1E723 = {
			isa = PBXGroup;
			children = (
				FADFDEC21FD93BCE00A1E723 /* ExempleProject */,
				FADFDEC11FD93BCE00A1E723 /* Products */,
			);
			sourceTree = "<group>";
		};
		FADFDEC11FD93BCE00A1E723 /* Products */ = {
			isa = PBXGroup;
			children = (
				FADFDEC01FD93BCE00A1E723 /* ExempleProject.app */,
			);
			name = Products;
			sourceTree = "<group>";
		};
		FADFDEC21FD93BCE00A1E723 /* ExempleProject */ = {
			isa = PBXGroup;
			children = (
				FADFDEC31FD93BCE00A1E723 /* AppDelegate.swift */,
				FADFDEC51FD93BCE00A1E723 /* ViewController.swift */,
				FADFDEC71FD93BCE00A1E723 /* Main.storyboard */,
				FADFDECA1FD93BCE00A1E723 /* Assets.xcassets */,
				FADFDECC1FD93BCE00A1E723 /* LaunchScreen.storyboard */,
				FADFDECF1FD93BCE00A1E723 /* Info.plist */,
			);
			path = ExempleProject;
			sourceTree = "<group>";
		};
/* End PBXGroup section */

/* Begin PBXNativeTarget section */
		FADFDEBF1FD93BCE00A1E723 /* ExempleProject */ = {
			isa = PBXNativeTarget;
			buildConfigurationList = FADFDED21FD93BCE00A1E723 /* Build configuration list for PBXNativeTarget "ExempleProject" */;
			buildPhases = (
				FADFDEBC1FD93BCE00A1E723 /* Sources */,
				FADFDEBD1FD93BCE00A1E723 /* Frameworks */,
				FADFDEBE1FD93BCE00A1E723 /* Resources */,
			);
			buildRules = (
			);
			dependencies = (
			);
			name = ExempleProject;
			productName = ExempleProject;
			productReference = FADFDEC01FD93BCE00A1E723 /* ExempleProject.app */;
			productType = "com.apple.product-type.application";
		};
/* End PBXNativeTarget section */

/* Begin PBXProject section */
		FADFDEB81FD93BCE00A1E723 /* Project object */ = {
			isa = PBXProject;
			attributes = {
				LastSwiftUpdateCheck = 0920;
				LastUpgradeCheck = 0920;
				ORGANIZATIONNAME = "Alessandro Graziani";
				TargetAttributes = {
					FADFDEBF1FD93BCE00A1E723 = {
						CreatedOnToolsVersion = 9.2;
						ProvisioningStyle = Automatic;
					};
				};
			};
			buildConfigurationList = FADFDEBB1FD93BCE00A1E723 /* Build configuration list for PBXProject "ExempleProject" */;
			compatibilityVersion = "Xcode 8.0";
			developmentRegion = en;
			hasScannedForEncodings = 0;
			knownRegions = (
				en,
				Base,
			);
			mainGroup = FADFDEB71FD93BCE00A1E723;
			productRefGroup = FADFDEC11FD93BCE00A1E723 /* Products */;
			projectDirPath = "";
			projectRoot = "";
			targets = (
				FADFDEBF1FD93BCE00A1E723 /* ExempleProject */,
			);
		};
/* End PBXProject section */

/* Begin PBXResourcesBuildPhase section */
		FADFDEBE1FD93BCE00A1E723 /* Resources */ = {
			isa = PBXResourcesBuildPhase;
			buildActionMask = 2147483647;
			files = (
				FADFDECE1FD93BCE00A1E723 /* LaunchScreen.storyboard in Resources */,
				FADFDECB1FD93BCE00A1E723 /* Assets.xcassets in Resources */,
				FADFDEC91FD93BCE00A1E723 /* Main.storyboard in Resources */,
			);
			runOnlyForDeploymentPostprocessing = 0;
		};
/* End PBXResourcesBuildPhase section */

/* Begin PBXSourcesBuildPhase section */
		FADFDEBC1FD93BCE00A1E723 /* Sources */ = {
			isa = PBXSourcesBuildPhase;
			buildActionMask = 2147483647;
			files = (
				FADFDEC61FD93BCE00A1E723 /* ViewController.swift in Sources */,
				FADFDEC41FD93BCE00A1E723 /* AppDelegate.swift in Sources */,
			);
			runOnlyForDeploymentPostprocessing = 0;
		};
/* End PBXSourcesBuildPhase section */

/* Begin PBXVariantGroup section */
		FADFDEC71FD93BCE00A1E723 /* Main.storyboard */ = {
			isa = PBXVariantGroup;
			children = (
				FADFDEC81FD93BCE00A1E723 /* Base */,
			);
			name = Main.storyboard;
			sourceTree = "<group>";
		};
		FADFDECC1FD93BCE00A1E723 /* LaunchScreen.storyboard */ = {
			isa = PBXVariantGroup;
			children = (
				FADFDECD1FD93BCE00A1E723 /* Base */,
			);
			name = LaunchScreen.storyboard;
			sourceTree = "<group>";
		};
/* End PBXVariantGroup section */

/* Begin XCBuildConfiguration section */
		FADFDED01FD93BCE00A1E723 /* Debug */ = {
			isa = XCBuildConfiguration;
			buildSettings = {
				ALWAYS_SEARCH_USER_PATHS = NO;
				CLANG_ANALYZER_NONNULL = YES;
				CLANG_ANALYZER_NUMBER_OBJECT_CONVERSION = YES_AGGRESSIVE;
				CLANG_CXX_LANGUAGE_STANDARD = "gnu++14";
				CLANG_CXX_LIBRARY = "libc++";
				CLANG_ENABLE_MODULES = YES;
				CLANG_ENABLE_OBJC_ARC = YES;
				CLANG_WARN_BLOCK_CAPTURE_AUTORELEASING = YES;
				CLANG_WARN_BOOL_CONVERSION = YES;
				CLANG_WARN_COMMA = YES;
				CLANG_WARN_CONSTANT_CONVERSION = YES;
				CLANG_WARN_DIRECT_OBJC_ISA_USAGE = YES_ERROR;
				CLANG_WARN_DOCUMENTATION_COMMENTS = YES;
				CLANG_WARN_EMPTY_BODY = YES;
				CLANG_WARN_ENUM_CONVERSION = YES;
				CLANG_WARN_INFINITE_RECURSION = YES;
				CLANG_WARN_INT_CONVERSION = YES;
				CLANG_WARN_NON_LITERAL_NULL_CONVERSION = YES;
				CLANG_WARN_OBJC_LITERAL_CONVERSION = YES;
				CLANG_WARN_OBJC_ROOT_CLASS = YES_ERROR;
				CLANG_WARN_RANGE_LOOP_ANALYSIS = YES;
				CLANG_WARN_STRICT_PROTOTYPES = YES;
				CLANG_WARN_SUSPICIOUS_MOVE = YES;
				CLANG_WARN_UNGUARDED_AVAILABILITY = YES_AGGRESSIVE;
				CLANG_WARN_UNREACHABLE_CODE = YES;
				CLANG_WARN__DUPLICATE_METHOD_MATCH = YES;
				CODE_SIGN_IDENTITY = "iPhone Developer";
				COPY_PHASE_STRIP = NO;
				DEBUG_INFORMATION_FORMAT = dwarf;
				ENABLE_STRICT_OBJC_MSGSEND = YES;
				ENABLE_TESTABILITY = YES;
				GCC_C_LANGUAGE_STANDARD = gnu11;
				GCC_DYNAMIC_NO_PIC = NO;
				GCC_NO_COMMON_BLOCKS = YES;
				GCC_OPTIMIZATION_LEVEL = 0;
				GCC_PREPROCESSOR_DEFINITIONS = (
					"DEBUG=1",
					"$(inherited)",
				);
				GCC_WARN_64_TO_32_BIT_CONVERSION = YES;
				GCC_WARN_ABOUT_RETURN_TYPE = YES_ERROR;
				GCC_WARN_UNDECLARED_SELECTOR = YES;
				GCC_WARN_UNINITIALIZED_AUTOS = YES_AGGRESSIVE;
				GCC_WARN_UNUSED_FUNCTION = YES;
				GCC_WARN_UNUSED_VARIABLE = YES;
				IPHONEOS_DEPLOYMENT_TARGET = 11.2;
				MTL_ENABLE_DEBUG_INFO = YES;
				ONLY_ACTIVE_ARCH = YES;
				SDKROOT = iphoneos;
				SWIFT_ACTIVE_COMPILATION_CONDITIONS = DEBUG;
				SWIFT_OPTIMIZATION_LEVEL = "-Onone";
			};
			name = Debug;
		};
		FADFDED11FD93BCE00A1E723 /* Release */ = {
			isa = XCBuildConfiguration;
			buildSettings = {
				ALWAYS_SEARCH_USER_PATHS = NO;
				CLANG_ANALYZER_NONNULL = YES;
				CLANG_ANALYZER_NUMBER_OBJECT_CONVERSION = YES_AGGRESSIVE;
				CLANG_CXX_LANGUAGE_STANDARD = "gnu++14";
				CLANG_CXX_LIBRARY = "libc++";
				CLANG_ENABLE_MODULES = YES;
				CLANG_ENABLE_OBJC_ARC = YES;
				CLANG_WARN_BLOCK_CAPTURE_AUTORELEASING = YES;
				CLANG_WARN_BOOL_CONVERSION = YES;
				CLANG_WARN_COMMA = YES;
				CLANG_WARN_CONSTANT_CONVERSION = YES;
				CLANG_WARN_DIRECT_OBJC_ISA_USAGE = YES_ERROR;
				CLANG_WARN_DOCUMENTATION_COMMENTS = YES;
				CLANG_WARN_EMPTY_BODY = YES;
				CLANG_WARN_ENUM_CONVERSION = YES;
				CLANG_WARN_INFINITE_RECURSION = YES;
				CLANG_WARN_INT_CONVERSION = YES;
				CLANG_WARN_NON_LITERAL_NULL_CONVERSION = YES;
				CLANG_WARN_OBJC_LITERAL_CONVERSION = YES;
				CLANG_WARN_OBJC_ROOT_CLASS = YES_ERROR;
				CLANG_WARN_RANGE_LOOP_ANALYSIS = YES;
				CLANG_WARN_STRICT_PROTOTYPES = YES;
				CLANG_WARN_SUSPICIOUS_MOVE = YES;
				CLANG_WARN_UNGUARDED_AVAILABILITY = YES_AGGRESSIVE;
				CLANG_WARN_UNREACHABLE_CODE = YES;
				CLANG_WARN__DUPLICATE_METHOD_MATCH = YES;
				CODE_SIGN_IDENTITY = "iPhone Developer";
				COPY_PHASE_STRIP = NO;
				DEBUG_INFORMATION_FORMAT = "dwarf-with-dsym";
				ENABLE_NS_ASSERTIONS = NO;
				ENABLE_STRICT_OBJC_MSGSEND = YES;
				GCC_C_LANGUAGE_STANDARD = gnu11;
				GCC_NO_COMMON_BLOCKS = YES;
				GCC_WARN_64_TO_32_BIT_CONVERSION = YES;
				GCC_WARN_ABOUT_RETURN_TYPE = YES_ERROR;
				GCC_WARN_UNDECLARED_SELECTOR = YES;
				GCC_WARN_UNINITIALIZED_AUTOS = YES_AGGRESSIVE;
				GCC_WARN_UNUSED_FUNCTION = YES;
				GCC_WARN_UNUSED_VARIABLE = YES;
				IPHONEOS_DEPLOYMENT_TARGET = 11.2;
				MTL_ENABLE_DEBUG_INFO = NO;
				SDKROOT = iphoneos;
				SWIFT_OPTIMIZATION_LEVEL = "-Owholemodule";
				VALIDATE_PRODUCT = YES;
			};
			name = Release;
		};
		FADFDED31FD93BCE00A1E723 /* Debug */ = {
			isa = XCBuildConfiguration;
			buildSettings = {
				ASSETCATALOG_COMPILER_APPICON_NAME = AppIcon;
				CODE_SIGN_STYLE = Automatic;
				DEVELOPMENT_TEAM = 68FEY34X6P;
				INFOPLIST_FILE = ExempleProject/Info.plist;
				LD_RUNPATH_SEARCH_PATHS = "$(inherited) @executable_path/Frameworks";
				PRODUCT_BUNDLE_IDENTIFIER = com.iOSDA.ExempleProject;
				PRODUCT_NAME = "$(TARGET_NAME)";
				SWIFT_VERSION = 4.0;
				TARGETED_DEVICE_FAMILY = "1,2";
			};
			name = Debug;
		};
		FADFDED41FD93BCE00A1E723 /* Release */ = {
			isa = XCBuildConfiguration;
			buildSettings = {
				ASSETCATALOG_COMPILER_APPICON_NAME = AppIcon;
				CODE_SIGN_STYLE = Automatic;
				DEVELOPMENT_TEAM = 68FEY34X6P;
				INFOPLIST_FILE = ExempleProject/Info.plist;
				LD_RUNPATH_SEARCH_PATHS = "$(inherited) @executable_path/Frameworks";
				PRODUCT_BUNDLE_IDENTIFIER = com.iOSDA.ExempleProject;
				PRODUCT_NAME = "$(TARGET_NAME)";
				SWIFT_VERSION = 4.0;
				TARGETED_DEVICE_FAMILY = "1,2";
			};
			name = Release;
		};
/* End XCBuildConfiguration section */

/* Begin XCConfigurationList section */
		FADFDEBB1FD93BCE00A1E723 /* Build configuration list for PBXProject "ExempleProject" */ = {
			isa = XCConfigurationList;
			buildConfigurations = (
				FADFDED01FD93BCE00A1E723 /* Debug */,
				FADFDED11FD93BCE00A1E723 /* Release */,
			);
			defaultConfigurationIsVisible = 0;
			defaultConfigurationName = Release;
		};
		FADFDED21FD93BCE00A1E723 /* Build configuration list for PBXNativeTarget "ExempleProject" */ = {
			isa = XCConfigurationList;
			buildConfigurations = (
				FADFDED31FD93BCE00A1E723 /* Debug */,
				FADFDED41FD93BCE00A1E723 /* Release */,
			);
			defaultConfigurationIsVisible = 0;
			defaultConfigurationName = Release;
		};
/* End XCConfigurationList section */
	};
	rootObject = FADFDEB81FD93BCE00A1E723 /* Project object */;
}
